// !$*UTF8*$!
{
	archiveVersion = 1;
	classes = {
	};
	objectVersion = 46;
	objects = {

/* Begin PBXBuildFile section */
		00B379C43E17833507E849DF /* Pods_BrelloUITests.framework in Frameworks */ = {isa = PBXBuildFile; fileRef = 7173FA4AF284C2AAFC1E6588 /* Pods_BrelloUITests.framework */; };
		4E694C90A99E1113AFA07728 /* Pods_Brello.framework in Frameworks */ = {isa = PBXBuildFile; fileRef = 86BC934E485B5FCE97AE8807 /* Pods_Brello.framework */; };
		C8C426ED7DC90BB3C527F44D /* Pods_BrelloTests.framework in Frameworks */ = {isa = PBXBuildFile; fileRef = A8FC5AD7789B423E2A30EBC8 /* Pods_BrelloTests.framework */; };
		CBA2C6621F19A2EE002C2345 /* AppDelegate.swift in Sources */ = {isa = PBXBuildFile; fileRef = CBA2C6611F19A2EE002C2345 /* AppDelegate.swift */; };
		CBA2C6641F19A2EE002C2345 /* ViewController.swift in Sources */ = {isa = PBXBuildFile; fileRef = CBA2C6631F19A2EE002C2345 /* ViewController.swift */; };
		CBA2C6671F19A2EE002C2345 /* Main.storyboard in Resources */ = {isa = PBXBuildFile; fileRef = CBA2C6651F19A2EE002C2345 /* Main.storyboard */; };
		CBA2C66A1F19A2EE002C2345 /* Brello.xcdatamodeld in Sources */ = {isa = PBXBuildFile; fileRef = CBA2C6681F19A2EE002C2345 /* Brello.xcdatamodeld */; };
		CBA2C66C1F19A2EE002C2345 /* Assets.xcassets in Resources */ = {isa = PBXBuildFile; fileRef = CBA2C66B1F19A2EE002C2345 /* Assets.xcassets */; };
		CBA2C66F1F19A2EE002C2345 /* LaunchScreen.storyboard in Resources */ = {isa = PBXBuildFile; fileRef = CBA2C66D1F19A2EE002C2345 /* LaunchScreen.storyboard */; };
		CBA2C67A1F19A2EE002C2345 /* BrelloTests.swift in Sources */ = {isa = PBXBuildFile; fileRef = CBA2C6791F19A2EE002C2345 /* BrelloTests.swift */; };
		CBA2C6851F19A2EE002C2345 /* BrelloUITests.swift in Sources */ = {isa = PBXBuildFile; fileRef = CBA2C6841F19A2EE002C2345 /* BrelloUITests.swift */; };
		CBA2C6A31F1A7589002C2345 /* AppleHomePage.storyboard in Resources */ = {isa = PBXBuildFile; fileRef = CBA2C6931F1A7589002C2345 /* AppleHomePage.storyboard */; };
		CBA2C6A41F1A7589002C2345 /* AppleProductViewController.swift in Sources */ = {isa = PBXBuildFile; fileRef = CBA2C6941F1A7589002C2345 /* AppleProductViewController.swift */; };
		CBA2C6A51F1A7589002C2345 /* Basic.storyboard in Resources */ = {isa = PBXBuildFile; fileRef = CBA2C6951F1A7589002C2345 /* Basic.storyboard */; };
		CBA2C6A61F1A7589002C2345 /* City.swift in Sources */ = {isa = PBXBuildFile; fileRef = CBA2C6971F1A7589002C2345 /* City.swift */; };
		CBA2C6A71F1A7589002C2345 /* CityGuide.storyboard in Resources */ = {isa = PBXBuildFile; fileRef = CBA2C6981F1A7589002C2345 /* CityGuide.storyboard */; };
		CBA2C6A81F1A7589002C2345 /* CityGuideCell.swift in Sources */ = {isa = PBXBuildFile; fileRef = CBA2C6991F1A7589002C2345 /* CityGuideCell.swift */; };
		CBA2C6A91F1A7589002C2345 /* CityGuideViewController.swift in Sources */ = {isa = PBXBuildFile; fileRef = CBA2C69A1F1A7589002C2345 /* CityGuideViewController.swift */; };
		CBA2C6AA1F1A7589002C2345 /* CityViewController.swift in Sources */ = {isa = PBXBuildFile; fileRef = CBA2C69B1F1A7589002C2345 /* CityViewController.swift */; };
		CBA2C6AB1F1A7589002C2345 /* Menu.storyboard in Resources */ = {isa = PBXBuildFile; fileRef = CBA2C69D1F1A7589002C2345 /* Menu.storyboard */; };
		CBA2C6AC1F1A7589002C2345 /* MenuViewController.swift in Sources */ = {isa = PBXBuildFile; fileRef = CBA2C69E1F1A7589002C2345 /* MenuViewController.swift */; };
		CBA2C6AD1F1A7589002C2345 /* MusicPlayer.storyboard in Resources */ = {isa = PBXBuildFile; fileRef = CBA2C69F1F1A7589002C2345 /* MusicPlayer.storyboard */; };
		CBA2C6AE1F1A7589002C2345 /* VideoPlayer.storyboard in Resources */ = {isa = PBXBuildFile; fileRef = CBA2C6A11F1A7589002C2345 /* VideoPlayer.storyboard */; };
		CBA2C6AF1F1A7589002C2345 /* VideoPlayerViewController.swift in Sources */ = {isa = PBXBuildFile; fileRef = CBA2C6A21F1A7589002C2345 /* VideoPlayerViewController.swift */; };
		CBA2C7751F1AA3BE002C2345 /* uiViewExtension.swift in Sources */ = {isa = PBXBuildFile; fileRef = CBA2C7741F1AA3BE002C2345 /* uiViewExtension.swift */; };
		CBA2C7781F1AA9DA002C2345 /* QRDetailViewController.swift in Sources */ = {isa = PBXBuildFile; fileRef = CBA2C7771F1AA9DA002C2345 /* QRDetailViewController.swift */; };
/* End PBXBuildFile section */

/* Begin PBXContainerItemProxy section */
		CBA2C6761F19A2EE002C2345 /* PBXContainerItemProxy */ = {
			isa = PBXContainerItemProxy;
			containerPortal = CBA2C6561F19A2EE002C2345 /* Project object */;
			proxyType = 1;
			remoteGlobalIDString = CBA2C65D1F19A2EE002C2345;
			remoteInfo = Brello;
		};
		CBA2C6811F19A2EE002C2345 /* PBXContainerItemProxy */ = {
			isa = PBXContainerItemProxy;
			containerPortal = CBA2C6561F19A2EE002C2345 /* Project object */;
			proxyType = 1;
			remoteGlobalIDString = CBA2C65D1F19A2EE002C2345;
			remoteInfo = Brello;
		};
/* End PBXContainerItemProxy section */

/* Begin PBXFileReference section */
		122ACB191F89737ECAE8FA85 /* Pods-Brello.debug.xcconfig */ = {isa = PBXFileReference; includeInIndex = 1; lastKnownFileType = text.xcconfig; name = "Pods-Brello.debug.xcconfig"; path = "Pods/Target Support Files/Pods-Brello/Pods-Brello.debug.xcconfig"; sourceTree = "<group>"; };
		5A0803AC67862E9A6C97547F /* Pods-Brello.release.xcconfig */ = {isa = PBXFileReference; includeInIndex = 1; lastKnownFileType = text.xcconfig; name = "Pods-Brello.release.xcconfig"; path = "Pods/Target Support Files/Pods-Brello/Pods-Brello.release.xcconfig"; sourceTree = "<group>"; };
		63084CAAA9C912698B13073F /* Pods-BrelloTests.release.xcconfig */ = {isa = PBXFileReference; includeInIndex = 1; lastKnownFileType = text.xcconfig; name = "Pods-BrelloTests.release.xcconfig"; path = "Pods/Target Support Files/Pods-BrelloTests/Pods-BrelloTests.release.xcconfig"; sourceTree = "<group>"; };
		7173FA4AF284C2AAFC1E6588 /* Pods_BrelloUITests.framework */ = {isa = PBXFileReference; explicitFileType = wrapper.framework; includeInIndex = 0; path = Pods_BrelloUITests.framework; sourceTree = BUILT_PRODUCTS_DIR; };
		86BC934E485B5FCE97AE8807 /* Pods_Brello.framework */ = {isa = PBXFileReference; explicitFileType = wrapper.framework; includeInIndex = 0; path = Pods_Brello.framework; sourceTree = BUILT_PRODUCTS_DIR; };
		A8FC5AD7789B423E2A30EBC8 /* Pods_BrelloTests.framework */ = {isa = PBXFileReference; explicitFileType = wrapper.framework; includeInIndex = 0; path = Pods_BrelloTests.framework; sourceTree = BUILT_PRODUCTS_DIR; };
		B0EA36523D626D02B4459754 /* Pods-BrelloUITests.debug.xcconfig */ = {isa = PBXFileReference; includeInIndex = 1; lastKnownFileType = text.xcconfig; name = "Pods-BrelloUITests.debug.xcconfig"; path = "Pods/Target Support Files/Pods-BrelloUITests/Pods-BrelloUITests.debug.xcconfig"; sourceTree = "<group>"; };
		BCD6B97E4B28E1F4DDD0F7B6 /* Pods-BrelloUITests.release.xcconfig */ = {isa = PBXFileReference; includeInIndex = 1; lastKnownFileType = text.xcconfig; name = "Pods-BrelloUITests.release.xcconfig"; path = "Pods/Target Support Files/Pods-BrelloUITests/Pods-BrelloUITests.release.xcconfig"; sourceTree = "<group>"; };
		CBA2C65E1F19A2EE002C2345 /* Brello.app */ = {isa = PBXFileReference; explicitFileType = wrapper.application; includeInIndex = 0; path = Brello.app; sourceTree = BUILT_PRODUCTS_DIR; };
		CBA2C6611F19A2EE002C2345 /* AppDelegate.swift */ = {isa = PBXFileReference; lastKnownFileType = sourcecode.swift; path = AppDelegate.swift; sourceTree = "<group>"; };
		CBA2C6631F19A2EE002C2345 /* ViewController.swift */ = {isa = PBXFileReference; lastKnownFileType = sourcecode.swift; path = ViewController.swift; sourceTree = "<group>"; };
		CBA2C6661F19A2EE002C2345 /* Base */ = {isa = PBXFileReference; lastKnownFileType = file.storyboard; name = Base; path = Base.lproj/Main.storyboard; sourceTree = "<group>"; };
		CBA2C6691F19A2EE002C2345 /* Brello.xcdatamodel */ = {isa = PBXFileReference; lastKnownFileType = wrapper.xcdatamodel; path = Brello.xcdatamodel; sourceTree = "<group>"; };
		CBA2C66B1F19A2EE002C2345 /* Assets.xcassets */ = {isa = PBXFileReference; lastKnownFileType = folder.assetcatalog; path = Assets.xcassets; sourceTree = "<group>"; };
		CBA2C66E1F19A2EE002C2345 /* Base */ = {isa = PBXFileReference; lastKnownFileType = file.storyboard; name = Base; path = Base.lproj/LaunchScreen.storyboard; sourceTree = "<group>"; };
		CBA2C6701F19A2EE002C2345 /* Info.plist */ = {isa = PBXFileReference; lastKnownFileType = text.plist.xml; path = Info.plist; sourceTree = "<group>"; };
		CBA2C6751F19A2EE002C2345 /* BrelloTests.xctest */ = {isa = PBXFileReference; explicitFileType = wrapper.cfbundle; includeInIndex = 0; path = BrelloTests.xctest; sourceTree = BUILT_PRODUCTS_DIR; };
		CBA2C6791F19A2EE002C2345 /* BrelloTests.swift */ = {isa = PBXFileReference; lastKnownFileType = sourcecode.swift; path = BrelloTests.swift; sourceTree = "<group>"; };
		CBA2C67B1F19A2EE002C2345 /* Info.plist */ = {isa = PBXFileReference; lastKnownFileType = text.plist.xml; path = Info.plist; sourceTree = "<group>"; };
		CBA2C6801F19A2EE002C2345 /* BrelloUITests.xctest */ = {isa = PBXFileReference; explicitFileType = wrapper.cfbundle; includeInIndex = 0; path = BrelloUITests.xctest; sourceTree = BUILT_PRODUCTS_DIR; };
		CBA2C6841F19A2EE002C2345 /* BrelloUITests.swift */ = {isa = PBXFileReference; lastKnownFileType = sourcecode.swift; path = BrelloUITests.swift; sourceTree = "<group>"; };
		CBA2C6861F19A2EE002C2345 /* Info.plist */ = {isa = PBXFileReference; lastKnownFileType = text.plist.xml; path = Info.plist; sourceTree = "<group>"; };
		CBA2C6931F1A7589002C2345 /* AppleHomePage.storyboard */ = {isa = PBXFileReference; fileEncoding = 4; lastKnownFileType = file.storyboard; path = AppleHomePage.storyboard; sourceTree = "<group>"; };
		CBA2C6941F1A7589002C2345 /* AppleProductViewController.swift */ = {isa = PBXFileReference; fileEncoding = 4; lastKnownFileType = sourcecode.swift; path = AppleProductViewController.swift; sourceTree = "<group>"; };
		CBA2C6951F1A7589002C2345 /* Basic.storyboard */ = {isa = PBXFileReference; fileEncoding = 4; lastKnownFileType = file.storyboard; path = Basic.storyboard; sourceTree = "<group>"; };
		CBA2C6971F1A7589002C2345 /* City.swift */ = {isa = PBXFileReference; fileEncoding = 4; lastKnownFileType = sourcecode.swift; path = City.swift; sourceTree = "<group>"; };
		CBA2C6981F1A7589002C2345 /* CityGuide.storyboard */ = {isa = PBXFileReference; fileEncoding = 4; lastKnownFileType = file.storyboard; path = CityGuide.storyboard; sourceTree = "<group>"; };
		CBA2C6991F1A7589002C2345 /* CityGuideCell.swift */ = {isa = PBXFileReference; fileEncoding = 4; lastKnownFileType = sourcecode.swift; path = CityGuideCell.swift; sourceTree = "<group>"; };
		CBA2C69A1F1A7589002C2345 /* CityGuideViewController.swift */ = {isa = PBXFileReference; fileEncoding = 4; lastKnownFileType = sourcecode.swift; path = CityGuideViewController.swift; sourceTree = "<group>"; };
		CBA2C69B1F1A7589002C2345 /* CityViewController.swift */ = {isa = PBXFileReference; fileEncoding = 4; lastKnownFileType = sourcecode.swift; path = CityViewController.swift; sourceTree = "<group>"; };
		CBA2C69D1F1A7589002C2345 /* Menu.storyboard */ = {isa = PBXFileReference; fileEncoding = 4; lastKnownFileType = file.storyboard; path = Menu.storyboard; sourceTree = "<group>"; };
		CBA2C69E1F1A7589002C2345 /* MenuViewController.swift */ = {isa = PBXFileReference; fileEncoding = 4; lastKnownFileType = sourcecode.swift; path = MenuViewController.swift; sourceTree = "<group>"; };
		CBA2C69F1F1A7589002C2345 /* MusicPlayer.storyboard */ = {isa = PBXFileReference; fileEncoding = 4; lastKnownFileType = file.storyboard; path = MusicPlayer.storyboard; sourceTree = "<group>"; };
		CBA2C6A11F1A7589002C2345 /* VideoPlayer.storyboard */ = {isa = PBXFileReference; fileEncoding = 4; lastKnownFileType = file.storyboard; path = VideoPlayer.storyboard; sourceTree = "<group>"; };
		CBA2C6A21F1A7589002C2345 /* VideoPlayerViewController.swift */ = {isa = PBXFileReference; fileEncoding = 4; lastKnownFileType = sourcecode.swift; path = VideoPlayerViewController.swift; sourceTree = "<group>"; };
		CBA2C7741F1AA3BE002C2345 /* uiViewExtension.swift */ = {isa = PBXFileReference; fileEncoding = 4; lastKnownFileType = sourcecode.swift; path = uiViewExtension.swift; sourceTree = "<group>"; };
		CBA2C7771F1AA9DA002C2345 /* QRDetailViewController.swift */ = {isa = PBXFileReference; fileEncoding = 4; lastKnownFileType = sourcecode.swift; path = QRDetailViewController.swift; sourceTree = "<group>"; };
		D4C9367B25F5C398612A51DA /* Pods-BrelloTests.debug.xcconfig */ = {isa = PBXFileReference; includeInIndex = 1; lastKnownFileType = text.xcconfig; name = "Pods-BrelloTests.debug.xcconfig"; path = "Pods/Target Support Files/Pods-BrelloTests/Pods-BrelloTests.debug.xcconfig"; sourceTree = "<group>"; };
/* End PBXFileReference section */

/* Begin PBXFrameworksBuildPhase section */
		CBA2C65B1F19A2EE002C2345 /* Frameworks */ = {
			isa = PBXFrameworksBuildPhase;
			buildActionMask = 2147483647;
			files = (
				4E694C90A99E1113AFA07728 /* Pods_Brello.framework in Frameworks */,
			);
			runOnlyForDeploymentPostprocessing = 0;
		};
		CBA2C6721F19A2EE002C2345 /* Frameworks */ = {
			isa = PBXFrameworksBuildPhase;
			buildActionMask = 2147483647;
			files = (
				C8C426ED7DC90BB3C527F44D /* Pods_BrelloTests.framework in Frameworks */,
			);
			runOnlyForDeploymentPostprocessing = 0;
		};
		CBA2C67D1F19A2EE002C2345 /* Frameworks */ = {
			isa = PBXFrameworksBuildPhase;
			buildActionMask = 2147483647;
			files = (
				00B379C43E17833507E849DF /* Pods_BrelloUITests.framework in Frameworks */,
			);
			runOnlyForDeploymentPostprocessing = 0;
		};
/* End PBXFrameworksBuildPhase section */

/* Begin PBXGroup section */
		0176DA6EE8FF5DD4F47D5036 /* Frameworks */ = {
			isa = PBXGroup;
			children = (
				86BC934E485B5FCE97AE8807 /* Pods_Brello.framework */,
				A8FC5AD7789B423E2A30EBC8 /* Pods_BrelloTests.framework */,
				7173FA4AF284C2AAFC1E6588 /* Pods_BrelloUITests.framework */,
			);
			name = Frameworks;
			sourceTree = "<group>";
		};
		258F045944953F793792D446 /* Pods */ = {
			isa = PBXGroup;
			children = (
				122ACB191F89737ECAE8FA85 /* Pods-Brello.debug.xcconfig */,
				5A0803AC67862E9A6C97547F /* Pods-Brello.release.xcconfig */,
				D4C9367B25F5C398612A51DA /* Pods-BrelloTests.debug.xcconfig */,
				63084CAAA9C912698B13073F /* Pods-BrelloTests.release.xcconfig */,
				B0EA36523D626D02B4459754 /* Pods-BrelloUITests.debug.xcconfig */,
				BCD6B97E4B28E1F4DDD0F7B6 /* Pods-BrelloUITests.release.xcconfig */,
			);
			name = Pods;
			sourceTree = "<group>";
		};
		CBA2C6551F19A2EE002C2345 = {
			isa = PBXGroup;
			children = (
				CBA2C6601F19A2EE002C2345 /* Brello */,
				CBA2C6781F19A2EE002C2345 /* BrelloTests */,
				CBA2C6831F19A2EE002C2345 /* BrelloUITests */,
				CBA2C65F1F19A2EE002C2345 /* Products */,
				258F045944953F793792D446 /* Pods */,
				0176DA6EE8FF5DD4F47D5036 /* Frameworks */,
			);
			sourceTree = "<group>";
		};
		CBA2C65F1F19A2EE002C2345 /* Products */ = {
			isa = PBXGroup;
			children = (
				CBA2C65E1F19A2EE002C2345 /* Brello.app */,
				CBA2C6751F19A2EE002C2345 /* BrelloTests.xctest */,
				CBA2C6801F19A2EE002C2345 /* BrelloUITests.xctest */,
			);
			name = Products;
			sourceTree = "<group>";
		};
		CBA2C6601F19A2EE002C2345 /* Brello */ = {
			isa = PBXGroup;
			children = (
				CBA2C7791F1AD439002C2345 /* Main */,
				CBA2C7761F1AA9BA002C2345 /* QR */,
				CBA2C6611F19A2EE002C2345 /* AppDelegate.swift */,
				CBA2C6631F19A2EE002C2345 /* ViewController.swift */,
				CBA2C6921F1A7589002C2345 /* AppleHomePage */,
				CBA2C6951F1A7589002C2345 /* Basic.storyboard */,
				CBA2C6961F1A7589002C2345 /* CityGuide */,
				CBA2C69C1F1A7589002C2345 /* Menu */,
				CBA2C69F1F1A7589002C2345 /* MusicPlayer.storyboard */,
				CBA2C6A01F1A7589002C2345 /* VideoPlayer */,
				CBA2C6651F19A2EE002C2345 /* Main.storyboard */,
				CBA2C66B1F19A2EE002C2345 /* Assets.xcassets */,
				CBA2C66D1F19A2EE002C2345 /* LaunchScreen.storyboard */,
				CBA2C6701F19A2EE002C2345 /* Info.plist */,
				CBA2C6681F19A2EE002C2345 /* Brello.xcdatamodeld */,
				CBA2C7741F1AA3BE002C2345 /* uiViewExtension.swift */,
			);
			path = Brello;
			sourceTree = "<group>";
		};
		CBA2C6781F19A2EE002C2345 /* BrelloTests */ = {
			isa = PBXGroup;
			children = (
				CBA2C6791F19A2EE002C2345 /* BrelloTests.swift */,
				CBA2C67B1F19A2EE002C2345 /* Info.plist */,
			);
			path = BrelloTests;
			sourceTree = "<group>";
		};
		CBA2C6831F19A2EE002C2345 /* BrelloUITests */ = {
			isa = PBXGroup;
			children = (
				CBA2C6841F19A2EE002C2345 /* BrelloUITests.swift */,
				CBA2C6861F19A2EE002C2345 /* Info.plist */,
			);
			path = BrelloUITests;
			sourceTree = "<group>";
		};
		CBA2C6921F1A7589002C2345 /* AppleHomePage */ = {
			isa = PBXGroup;
			children = (
				CBA2C6931F1A7589002C2345 /* AppleHomePage.storyboard */,
				CBA2C6941F1A7589002C2345 /* AppleProductViewController.swift */,
			);
			path = AppleHomePage;
			sourceTree = "<group>";
		};
		CBA2C6961F1A7589002C2345 /* CityGuide */ = {
			isa = PBXGroup;
			children = (
				CBA2C6971F1A7589002C2345 /* City.swift */,
				CBA2C6981F1A7589002C2345 /* CityGuide.storyboard */,
				CBA2C6991F1A7589002C2345 /* CityGuideCell.swift */,
				CBA2C69A1F1A7589002C2345 /* CityGuideViewController.swift */,
				CBA2C69B1F1A7589002C2345 /* CityViewController.swift */,
			);
			path = CityGuide;
			sourceTree = "<group>";
		};
		CBA2C69C1F1A7589002C2345 /* Menu */ = {
			isa = PBXGroup;
			children = (
				CBA2C69D1F1A7589002C2345 /* Menu.storyboard */,
				CBA2C69E1F1A7589002C2345 /* MenuViewController.swift */,
			);
			path = Menu;
			sourceTree = "<group>";
		};
		CBA2C6A01F1A7589002C2345 /* VideoPlayer */ = {
			isa = PBXGroup;
			children = (
				CBA2C6A11F1A7589002C2345 /* VideoPlayer.storyboard */,
				CBA2C6A21F1A7589002C2345 /* VideoPlayerViewController.swift */,
			);
			path = VideoPlayer;
			sourceTree = "<group>";
		};
		CBA2C7761F1AA9BA002C2345 /* QR */ = {
			isa = PBXGroup;
			children = (
				CBA2C7771F1AA9DA002C2345 /* QRDetailViewController.swift */,
			);
			name = QR;
			sourceTree = "<group>";
		};
		CBA2C7791F1AD439002C2345 /* Main */ = {
			isa = PBXGroup;
			children = (
			);
			name = Main;
			sourceTree = "<group>";
		};
/* End PBXGroup section */

/* Begin PBXNativeTarget section */
		CBA2C65D1F19A2EE002C2345 /* Brello */ = {
			isa = PBXNativeTarget;
			buildConfigurationList = CBA2C6891F19A2EE002C2345 /* Build configuration list for PBXNativeTarget "Brello" */;
			buildPhases = (
				69B1030978AB70836EBDBD1F /* [CP] Check Pods Manifest.lock */,
				CBA2C65A1F19A2EE002C2345 /* Sources */,
				CBA2C65B1F19A2EE002C2345 /* Frameworks */,
				CBA2C65C1F19A2EE002C2345 /* Resources */,
				F5EBA7E8E53259DCA0B84D39 /* [CP] Embed Pods Frameworks */,
				2DA96E6810ABD59ABC8792D1 /* [CP] Copy Pods Resources */,
			);
			buildRules = (
			);
			dependencies = (
			);
			name = Brello;
			productName = Brello;
			productReference = CBA2C65E1F19A2EE002C2345 /* Brello.app */;
			productType = "com.apple.product-type.application";
		};
		CBA2C6741F19A2EE002C2345 /* BrelloTests */ = {
			isa = PBXNativeTarget;
			buildConfigurationList = CBA2C68C1F19A2EE002C2345 /* Build configuration list for PBXNativeTarget "BrelloTests" */;
			buildPhases = (
				D59E8AFC68AFF477B759A93D /* [CP] Check Pods Manifest.lock */,
				CBA2C6711F19A2EE002C2345 /* Sources */,
				CBA2C6721F19A2EE002C2345 /* Frameworks */,
				CBA2C6731F19A2EE002C2345 /* Resources */,
				0137F07FC104CAD1335A36B2 /* [CP] Embed Pods Frameworks */,
				CE1F1F82F958BEEC5FD4D4B9 /* [CP] Copy Pods Resources */,
			);
			buildRules = (
			);
			dependencies = (
				CBA2C6771F19A2EE002C2345 /* PBXTargetDependency */,
			);
			name = BrelloTests;
			productName = BrelloTests;
			productReference = CBA2C6751F19A2EE002C2345 /* BrelloTests.xctest */;
			productType = "com.apple.product-type.bundle.unit-test";
		};
		CBA2C67F1F19A2EE002C2345 /* BrelloUITests */ = {
			isa = PBXNativeTarget;
			buildConfigurationList = CBA2C68F1F19A2EE002C2345 /* Build configuration list for PBXNativeTarget "BrelloUITests" */;
			buildPhases = (
				C244758C55CD2C7D78F87A93 /* [CP] Check Pods Manifest.lock */,
				CBA2C67C1F19A2EE002C2345 /* Sources */,
				CBA2C67D1F19A2EE002C2345 /* Frameworks */,
				CBA2C67E1F19A2EE002C2345 /* Resources */,
				F87E0475986AEACB02F7038B /* [CP] Embed Pods Frameworks */,
				B01DCE62BECC7048A5B86356 /* [CP] Copy Pods Resources */,
			);
			buildRules = (
			);
			dependencies = (
				CBA2C6821F19A2EE002C2345 /* PBXTargetDependency */,
			);
			name = BrelloUITests;
			productName = BrelloUITests;
			productReference = CBA2C6801F19A2EE002C2345 /* BrelloUITests.xctest */;
			productType = "com.apple.product-type.bundle.ui-testing";
		};
/* End PBXNativeTarget section */

/* Begin PBXProject section */
		CBA2C6561F19A2EE002C2345 /* Project object */ = {
			isa = PBXProject;
			attributes = {
				LastSwiftUpdateCheck = 0830;
				LastUpgradeCheck = 0830;
				ORGANIZATIONNAME = "Mad Men Software";
				TargetAttributes = {
					CBA2C65D1F19A2EE002C2345 = {
						CreatedOnToolsVersion = 8.3.3;
						DevelopmentTeam = 95Y79EVN3Z;
						ProvisioningStyle = Automatic;
					};
					CBA2C6741F19A2EE002C2345 = {
						CreatedOnToolsVersion = 8.3.3;
						DevelopmentTeam = 95Y79EVN3Z;
						ProvisioningStyle = Automatic;
						TestTargetID = CBA2C65D1F19A2EE002C2345;
					};
					CBA2C67F1F19A2EE002C2345 = {
						CreatedOnToolsVersion = 8.3.3;
						DevelopmentTeam = 95Y79EVN3Z;
						ProvisioningStyle = Automatic;
						TestTargetID = CBA2C65D1F19A2EE002C2345;
					};
				};
			};
			buildConfigurationList = CBA2C6591F19A2EE002C2345 /* Build configuration list for PBXProject "Brello" */;
			compatibilityVersion = "Xcode 3.2";
			developmentRegion = English;
			hasScannedForEncodings = 0;
			knownRegions = (
				en,
				Base,
			);
			mainGroup = CBA2C6551F19A2EE002C2345;
			productRefGroup = CBA2C65F1F19A2EE002C2345 /* Products */;
			projectDirPath = "";
			projectRoot = "";
			targets = (
				CBA2C65D1F19A2EE002C2345 /* Brello */,
				CBA2C6741F19A2EE002C2345 /* BrelloTests */,
				CBA2C67F1F19A2EE002C2345 /* BrelloUITests */,
			);
		};
/* End PBXProject section */

/* Begin PBXResourcesBuildPhase section */
		CBA2C65C1F19A2EE002C2345 /* Resources */ = {
			isa = PBXResourcesBuildPhase;
			buildActionMask = 2147483647;
			files = (
				CBA2C6AB1F1A7589002C2345 /* Menu.storyboard in Resources */,
				CBA2C6AE1F1A7589002C2345 /* VideoPlayer.storyboard in Resources */,
				CBA2C6A71F1A7589002C2345 /* CityGuide.storyboard in Resources */,
				CBA2C66F1F19A2EE002C2345 /* LaunchScreen.storyboard in Resources */,
				CBA2C6AD1F1A7589002C2345 /* MusicPlayer.storyboard in Resources */,
				CBA2C66C1F19A2EE002C2345 /* Assets.xcassets in Resources */,
				CBA2C6671F19A2EE002C2345 /* Main.storyboard in Resources */,
				CBA2C6A31F1A7589002C2345 /* AppleHomePage.storyboard in Resources */,
				CBA2C6A51F1A7589002C2345 /* Basic.storyboard in Resources */,
			);
			runOnlyForDeploymentPostprocessing = 0;
		};
		CBA2C6731F19A2EE002C2345 /* Resources */ = {
			isa = PBXResourcesBuildPhase;
			buildActionMask = 2147483647;
			files = (
			);
			runOnlyForDeploymentPostprocessing = 0;
		};
		CBA2C67E1F19A2EE002C2345 /* Resources */ = {
			isa = PBXResourcesBuildPhase;
			buildActionMask = 2147483647;
			files = (
			);
			runOnlyForDeploymentPostprocessing = 0;
		};
/* End PBXResourcesBuildPhase section */

/* Begin PBXShellScriptBuildPhase section */
		0137F07FC104CAD1335A36B2 /* [CP] Embed Pods Frameworks */ = {
			isa = PBXShellScriptBuildPhase;
			buildActionMask = 2147483647;
			files = (
			);
			inputPaths = (
			);
			name = "[CP] Embed Pods Frameworks";
			outputPaths = (
			);
			runOnlyForDeploymentPostprocessing = 0;
			shellPath = /bin/sh;
			shellScript = "\"${SRCROOT}/Pods/Target Support Files/Pods-BrelloTests/Pods-BrelloTests-frameworks.sh\"\n";
			showEnvVarsInLog = 0;
		};
		2DA96E6810ABD59ABC8792D1 /* [CP] Copy Pods Resources */ = {
			isa = PBXShellScriptBuildPhase;
			buildActionMask = 2147483647;
			files = (
			);
			inputPaths = (
			);
			name = "[CP] Copy Pods Resources";
			outputPaths = (
			);
			runOnlyForDeploymentPostprocessing = 0;
			shellPath = /bin/sh;
			shellScript = "\"${SRCROOT}/Pods/Target Support Files/Pods-Brello/Pods-Brello-resources.sh\"\n";
			showEnvVarsInLog = 0;
		};
		69B1030978AB70836EBDBD1F /* [CP] Check Pods Manifest.lock */ = {
			isa = PBXShellScriptBuildPhase;
			buildActionMask = 2147483647;
			files = (
			);
			inputPaths = (
			);
			name = "[CP] Check Pods Manifest.lock";
			outputPaths = (
			);
			runOnlyForDeploymentPostprocessing = 0;
			shellPath = /bin/sh;
			shellScript = "diff \"${PODS_ROOT}/../Podfile.lock\" \"${PODS_ROOT}/Manifest.lock\" > /dev/null\nif [ $? != 0 ] ; then\n    # print error to STDERR\n    echo \"error: The sandbox is not in sync with the Podfile.lock. Run 'pod install' or update your CocoaPods installation.\" >&2\n    exit 1\nfi\n";
			showEnvVarsInLog = 0;
		};
		B01DCE62BECC7048A5B86356 /* [CP] Copy Pods Resources */ = {
			isa = PBXShellScriptBuildPhase;
			buildActionMask = 2147483647;
			files = (
			);
			inputPaths = (
			);
			name = "[CP] Copy Pods Resources";
			outputPaths = (
			);
			runOnlyForDeploymentPostprocessing = 0;
			shellPath = /bin/sh;
			shellScript = "\"${SRCROOT}/Pods/Target Support Files/Pods-BrelloUITests/Pods-BrelloUITests-resources.sh\"\n";
			showEnvVarsInLog = 0;
		};
		C244758C55CD2C7D78F87A93 /* [CP] Check Pods Manifest.lock */ = {
			isa = PBXShellScriptBuildPhase;
			buildActionMask = 2147483647;
			files = (
			);
			inputPaths = (
			);
			name = "[CP] Check Pods Manifest.lock";
			outputPaths = (
			);
			runOnlyForDeploymentPostprocessing = 0;
			shellPath = /bin/sh;
			shellScript = "diff \"${PODS_ROOT}/../Podfile.lock\" \"${PODS_ROOT}/Manifest.lock\" > /dev/null\nif [ $? != 0 ] ; then\n    # print error to STDERR\n    echo \"error: The sandbox is not in sync with the Podfile.lock. Run 'pod install' or update your CocoaPods installation.\" >&2\n    exit 1\nfi\n";
			showEnvVarsInLog = 0;
		};
		CE1F1F82F958BEEC5FD4D4B9 /* [CP] Copy Pods Resources */ = {
			isa = PBXShellScriptBuildPhase;
			buildActionMask = 2147483647;
			files = (
			);
			inputPaths = (
			);
			name = "[CP] Copy Pods Resources";
			outputPaths = (
			);
			runOnlyForDeploymentPostprocessing = 0;
			shellPath = /bin/sh;
			shellScript = "\"${SRCROOT}/Pods/Target Support Files/Pods-BrelloTests/Pods-BrelloTests-resources.sh\"\n";
			showEnvVarsInLog = 0;
		};
		D59E8AFC68AFF477B759A93D /* [CP] Check Pods Manifest.lock */ = {
			isa = PBXShellScriptBuildPhase;
			buildActionMask = 2147483647;
			files = (
			);
			inputPaths = (
			);
			name = "[CP] Check Pods Manifest.lock";
			outputPaths = (
			);
			runOnlyForDeploymentPostprocessing = 0;
			shellPath = /bin/sh;
			shellScript = "diff \"${PODS_ROOT}/../Podfile.lock\" \"${PODS_ROOT}/Manifest.lock\" > /dev/null\nif [ $? != 0 ] ; then\n    # print error to STDERR\n    echo \"error: The sandbox is not in sync with the Podfile.lock. Run 'pod install' or update your CocoaPods installation.\" >&2\n    exit 1\nfi\n";
			showEnvVarsInLog = 0;
		};
		F5EBA7E8E53259DCA0B84D39 /* [CP] Embed Pods Frameworks */ = {
			isa = PBXShellScriptBuildPhase;
			buildActionMask = 2147483647;
			files = (
			);
			inputPaths = (
			);
			name = "[CP] Embed Pods Frameworks";
			outputPaths = (
			);
			runOnlyForDeploymentPostprocessing = 0;
			shellPath = /bin/sh;
			shellScript = "\"${SRCROOT}/Pods/Target Support Files/Pods-Brello/Pods-Brello-frameworks.sh\"\n";
			showEnvVarsInLog = 0;
		};
		F87E0475986AEACB02F7038B /* [CP] Embed Pods Frameworks */ = {
			isa = PBXShellScriptBuildPhase;
			buildActionMask = 2147483647;
			files = (
			);
			inputPaths = (
			);
			name = "[CP] Embed Pods Frameworks";
			outputPaths = (
			);
			runOnlyForDeploymentPostprocessing = 0;
			shellPath = /bin/sh;
			shellScript = "\"${SRCROOT}/Pods/Target Support Files/Pods-BrelloUITests/Pods-BrelloUITests-frameworks.sh\"\n";
			showEnvVarsInLog = 0;
		};
/* End PBXShellScriptBuildPhase section */

/* Begin PBXSourcesBuildPhase section */
		CBA2C65A1F19A2EE002C2345 /* Sources */ = {
			isa = PBXSourcesBuildPhase;
			buildActionMask = 2147483647;
			files = (
				CBA2C7781F1AA9DA002C2345 /* QRDetailViewController.swift in Sources */,
				CBA2C6641F19A2EE002C2345 /* ViewController.swift in Sources */,
				CBA2C6A81F1A7589002C2345 /* CityGuideCell.swift in Sources */,
				CBA2C6A61F1A7589002C2345 /* City.swift in Sources */,
				CBA2C6AA1F1A7589002C2345 /* CityViewController.swift in Sources */,
				CBA2C6AC1F1A7589002C2345 /* MenuViewController.swift in Sources */,
				CBA2C6A91F1A7589002C2345 /* CityGuideViewController.swift in Sources */,
				CBA2C6621F19A2EE002C2345 /* AppDelegate.swift in Sources */,
				CBA2C6AF1F1A7589002C2345 /* VideoPlayerViewController.swift in Sources */,
				CBA2C6A41F1A7589002C2345 /* AppleProductViewController.swift in Sources */,
				CBA2C66A1F19A2EE002C2345 /* Brello.xcdatamodeld in Sources */,
				CBA2C7751F1AA3BE002C2345 /* uiViewExtension.swift in Sources */,
			);
			runOnlyForDeploymentPostprocessing = 0;
		};
		CBA2C6711F19A2EE002C2345 /* Sources */ = {
			isa = PBXSourcesBuildPhase;
			buildActionMask = 2147483647;
			files = (
				CBA2C67A1F19A2EE002C2345 /* BrelloTests.swift in Sources */,
			);
			runOnlyForDeploymentPostprocessing = 0;
		};
		CBA2C67C1F19A2EE002C2345 /* Sources */ = {
			isa = PBXSourcesBuildPhase;
			buildActionMask = 2147483647;
			files = (
				CBA2C6851F19A2EE002C2345 /* BrelloUITests.swift in Sources */,
			);
			runOnlyForDeploymentPostprocessing = 0;
		};
/* End PBXSourcesBuildPhase section */

/* Begin PBXTargetDependency section */
		CBA2C6771F19A2EE002C2345 /* PBXTargetDependency */ = {
			isa = PBXTargetDependency;
			target = CBA2C65D1F19A2EE002C2345 /* Brello */;
			targetProxy = CBA2C6761F19A2EE002C2345 /* PBXContainerItemProxy */;
		};
		CBA2C6821F19A2EE002C2345 /* PBXTargetDependency */ = {
			isa = PBXTargetDependency;
			target = CBA2C65D1F19A2EE002C2345 /* Brello */;
			targetProxy = CBA2C6811F19A2EE002C2345 /* PBXContainerItemProxy */;
		};
/* End PBXTargetDependency section */

/* Begin PBXVariantGroup section */
		CBA2C6651F19A2EE002C2345 /* Main.storyboard */ = {
			isa = PBXVariantGroup;
			children = (
				CBA2C6661F19A2EE002C2345 /* Base */,
			);
			name = Main.storyboard;
			sourceTree = "<group>";
		};
		CBA2C66D1F19A2EE002C2345 /* LaunchScreen.storyboard */ = {
			isa = PBXVariantGroup;
			children = (
				CBA2C66E1F19A2EE002C2345 /* Base */,
			);
			name = LaunchScreen.storyboard;
			sourceTree = "<group>";
		};
/* End PBXVariantGroup section */

/* Begin XCBuildConfiguration section */
		CBA2C6871F19A2EE002C2345 /* Debug */ = {
			isa = XCBuildConfiguration;
			buildSettings = {
				ALWAYS_SEARCH_USER_PATHS = NO;
				CLANG_ANALYZER_NONNULL = YES;
				CLANG_ANALYZER_NUMBER_OBJECT_CONVERSION = YES_AGGRESSIVE;
				CLANG_CXX_LANGUAGE_STANDARD = "gnu++0x";
				CLANG_CXX_LIBRARY = "libc++";
				CLANG_ENABLE_MODULES = YES;
				CLANG_ENABLE_OBJC_ARC = YES;
				CLANG_WARN_BOOL_CONVERSION = YES;
				CLANG_WARN_CONSTANT_CONVERSION = YES;
				CLANG_WARN_DIRECT_OBJC_ISA_USAGE = YES_ERROR;
				CLANG_WARN_DOCUMENTATION_COMMENTS = YES;
				CLANG_WARN_EMPTY_BODY = YES;
				CLANG_WARN_ENUM_CONVERSION = YES;
				CLANG_WARN_INFINITE_RECURSION = YES;
				CLANG_WARN_INT_CONVERSION = YES;
				CLANG_WARN_OBJC_ROOT_CLASS = YES_ERROR;
				CLANG_WARN_SUSPICIOUS_MOVE = YES;
				CLANG_WARN_UNREACHABLE_CODE = YES;
				CLANG_WARN__DUPLICATE_METHOD_MATCH = YES;
				"CODE_SIGN_IDENTITY[sdk=iphoneos*]" = "iPhone Developer";
				COPY_PHASE_STRIP = NO;
				DEBUG_INFORMATION_FORMAT = dwarf;
				ENABLE_STRICT_OBJC_MSGSEND = YES;
				ENABLE_TESTABILITY = YES;
				GCC_C_LANGUAGE_STANDARD = gnu99;
				GCC_DYNAMIC_NO_PIC = NO;
				GCC_NO_COMMON_BLOCKS = YES;
				GCC_OPTIMIZATION_LEVEL = 0;
				GCC_PREPROCESSOR_DEFINITIONS = (
					"DEBUG=1",
					"$(inherited)",
				);
				GCC_WARN_64_TO_32_BIT_CONVERSION = YES;
				GCC_WARN_ABOUT_RETURN_TYPE = YES_ERROR;
				GCC_WARN_UNDECLARED_SELECTOR = YES;
				GCC_WARN_UNINITIALIZED_AUTOS = YES_AGGRESSIVE;
				GCC_WARN_UNUSED_FUNCTION = YES;
				GCC_WARN_UNUSED_VARIABLE = YES;
				IPHONEOS_DEPLOYMENT_TARGET = 10.3;
				MTL_ENABLE_DEBUG_INFO = YES;
				ONLY_ACTIVE_ARCH = YES;
				SDKROOT = iphoneos;
				SWIFT_ACTIVE_COMPILATION_CONDITIONS = DEBUG;
				SWIFT_OPTIMIZATION_LEVEL = "-Onone";
			};
			name = Debug;
		};
		CBA2C6881F19A2EE002C2345 /* Release */ = {
			isa = XCBuildConfiguration;
			buildSettings = {
				ALWAYS_SEARCH_USER_PATHS = NO;
				CLANG_ANALYZER_NONNULL = YES;
				CLANG_ANALYZER_NUMBER_OBJECT_CONVERSION = YES_AGGRESSIVE;
				CLANG_CXX_LANGUAGE_STANDARD = "gnu++0x";
				CLANG_CXX_LIBRARY = "libc++";
				CLANG_ENABLE_MODULES = YES;
				CLANG_ENABLE_OBJC_ARC = YES;
				CLANG_WARN_BOOL_CONVERSION = YES;
				CLANG_WARN_CONSTANT_CONVERSION = YES;
				CLANG_WARN_DIRECT_OBJC_ISA_USAGE = YES_ERROR;
				CLANG_WARN_DOCUMENTATION_COMMENTS = YES;
				CLANG_WARN_EMPTY_BODY = YES;
				CLANG_WARN_ENUM_CONVERSION = YES;
				CLANG_WARN_INFINITE_RECURSION = YES;
				CLANG_WARN_INT_CONVERSION = YES;
				CLANG_WARN_OBJC_ROOT_CLASS = YES_ERROR;
				CLANG_WARN_SUSPICIOUS_MOVE = YES;
				CLANG_WARN_UNREACHABLE_CODE = YES;
				CLANG_WARN__DUPLICATE_METHOD_MATCH = YES;
				"CODE_SIGN_IDENTITY[sdk=iphoneos*]" = "iPhone Developer";
				COPY_PHASE_STRIP = NO;
				DEBUG_INFORMATION_FORMAT = "dwarf-with-dsym";
				ENABLE_NS_ASSERTIONS = NO;
				ENABLE_STRICT_OBJC_MSGSEND = YES;
				GCC_C_LANGUAGE_STANDARD = gnu99;
				GCC_NO_COMMON_BLOCKS = YES;
				GCC_WARN_64_TO_32_BIT_CONVERSION = YES;
				GCC_WARN_ABOUT_RETURN_TYPE = YES_ERROR;
				GCC_WARN_UNDECLARED_SELECTOR = YES;
				GCC_WARN_UNINITIALIZED_AUTOS = YES_AGGRESSIVE;
				GCC_WARN_UNUSED_FUNCTION = YES;
				GCC_WARN_UNUSED_VARIABLE = YES;
				IPHONEOS_DEPLOYMENT_TARGET = 10.3;
				MTL_ENABLE_DEBUG_INFO = NO;
				SDKROOT = iphoneos;
				SWIFT_OPTIMIZATION_LEVEL = "-Owholemodule";
				VALIDATE_PRODUCT = YES;
			};
			name = Release;
		};
		CBA2C68A1F19A2EE002C2345 /* Debug */ = {
			isa = XCBuildConfiguration;
			baseConfigurationReference = 122ACB191F89737ECAE8FA85 /* Pods-Brello.debug.xcconfig */;
			buildSettings = {
				ASSETCATALOG_COMPILER_APPICON_NAME = AppIcon;
				DEVELOPMENT_TEAM = 95Y79EVN3Z;
				INFOPLIST_FILE = Brello/Info.plist;
				IPHONEOS_DEPLOYMENT_TARGET = 10.1;
				LD_RUNPATH_SEARCH_PATHS = "$(inherited) @executable_path/Frameworks";
				PRODUCT_BUNDLE_IDENTIFIER = ZachChandler.Brello;
				PRODUCT_NAME = "$(TARGET_NAME)";
				SWIFT_VERSION = 3.0;
			};
			name = Debug;
		};
		CBA2C68B1F19A2EE002C2345 /* Release */ = {
			isa = XCBuildConfiguration;
			baseConfigurationReference = 5A0803AC67862E9A6C97547F /* Pods-Brello.release.xcconfig */;
			buildSettings = {
				ASSETCATALOG_COMPILER_APPICON_NAME = AppIcon;
				DEVELOPMENT_TEAM = 95Y79EVN3Z;
				INFOPLIST_FILE = Brello/Info.plist;
				IPHONEOS_DEPLOYMENT_TARGET = 10.1;
				LD_RUNPATH_SEARCH_PATHS = "$(inherited) @executable_path/Frameworks";
				PRODUCT_BUNDLE_IDENTIFIER = ZachChandler.Brello;
				PRODUCT_NAME = "$(TARGET_NAME)";
				SWIFT_VERSION = 3.0;
			};
			name = Release;
		};
		CBA2C68D1F19A2EE002C2345 /* Debug */ = {
			isa = XCBuildConfiguration;
			baseConfigurationReference = D4C9367B25F5C398612A51DA /* Pods-BrelloTests.debug.xcconfig */;
			buildSettings = {
				ALWAYS_EMBED_SWIFT_STANDARD_LIBRARIES = YES;
				BUNDLE_LOADER = "$(TEST_HOST)";
				DEVELOPMENT_TEAM = 95Y79EVN3Z;
				INFOPLIST_FILE = BrelloTests/Info.plist;
				LD_RUNPATH_SEARCH_PATHS = "$(inherited) @executable_path/Frameworks @loader_path/Frameworks";
				PRODUCT_BUNDLE_IDENTIFIER = ZachChandler.BrelloTests;
				PRODUCT_NAME = "$(TARGET_NAME)";
				SWIFT_VERSION = 3.0;
				TEST_HOST = "$(BUILT_PRODUCTS_DIR)/Brello.app/Brello";
			};
			name = Debug;
		};
		CBA2C68E1F19A2EE002C2345 /* Release */ = {
			isa = XCBuildConfiguration;
			baseConfigurationReference = 63084CAAA9C912698B13073F /* Pods-BrelloTests.release.xcconfig */;
			buildSettings = {
				ALWAYS_EMBED_SWIFT_STANDARD_LIBRARIES = YES;
				BUNDLE_LOADER = "$(TEST_HOST)";
				DEVELOPMENT_TEAM = 95Y79EVN3Z;
				INFOPLIST_FILE = BrelloTests/Info.plist;
				LD_RUNPATH_SEARCH_PATHS = "$(inherited) @executable_path/Frameworks @loader_path/Frameworks";
				PRODUCT_BUNDLE_IDENTIFIER = ZachChandler.BrelloTests;
				PRODUCT_NAME = "$(TARGET_NAME)";
				SWIFT_VERSION = 3.0;
				TEST_HOST = "$(BUILT_PRODUCTS_DIR)/Brello.app/Brello";
			};
			name = Release;
		};
		CBA2C6901F19A2EE002C2345 /* Debug */ = {
			isa = XCBuildConfiguration;
			baseConfigurationReference = B0EA36523D626D02B4459754 /* Pods-BrelloUITests.debug.xcconfig */;
			buildSettings = {
				ALWAYS_EMBED_SWIFT_STANDARD_LIBRARIES = YES;
				DEVELOPMENT_TEAM = 95Y79EVN3Z;
				INFOPLIST_FILE = BrelloUITests/Info.plist;
				LD_RUNPATH_SEARCH_PATHS = "$(inherited) @executable_path/Frameworks @loader_path/Frameworks";
				PRODUCT_BUNDLE_IDENTIFIER = ZachChandler.BrelloUITests;
				PRODUCT_NAME = "$(TARGET_NAME)";
				SWIFT_VERSION = 3.0;
				TEST_TARGET_NAME = Brello;
			};
			name = Debug;
		};
		CBA2C6911F19A2EE002C2345 /* Release */ = {
			isa = XCBuildConfiguration;
			baseConfigurationReference = BCD6B97E4B28E1F4DDD0F7B6 /* Pods-BrelloUITests.release.xcconfig */;
			buildSettings = {
				ALWAYS_EMBED_SWIFT_STANDARD_LIBRARIES = YES;
				DEVELOPMENT_TEAM = 95Y79EVN3Z;
				INFOPLIST_FILE = BrelloUITests/Info.plist;
				LD_RUNPATH_SEARCH_PATHS = "$(inherited) @executable_path/Frameworks @loader_path/Frameworks";
				PRODUCT_BUNDLE_IDENTIFIER = ZachChandler.BrelloUITests;
				PRODUCT_NAME = "$(TARGET_NAME)";
				SWIFT_VERSION = 3.0;
				TEST_TARGET_NAME = Brello;
			};
			name = Release;
		};
/* End XCBuildConfiguration section */

/* Begin XCConfigurationList section */
		CBA2C6591F19A2EE002C2345 /* Build configuration list for PBXProject "Brello" */ = {
			isa = XCConfigurationList;
			buildConfigurations = (
				CBA2C6871F19A2EE002C2345 /* Debug */,
				CBA2C6881F19A2EE002C2345 /* Release */,
			);
			defaultConfigurationIsVisible = 0;
			defaultConfigurationName = Release;
		};
		CBA2C6891F19A2EE002C2345 /* Build configuration list for PBXNativeTarget "Brello" */ = {
			isa = XCConfigurationList;
			buildConfigurations = (
				CBA2C68A1F19A2EE002C2345 /* Debug */,
				CBA2C68B1F19A2EE002C2345 /* Release */,
			);
			defaultConfigurationIsVisible = 0;
			defaultConfigurationName = Release;
		};
		CBA2C68C1F19A2EE002C2345 /* Build configuration list for PBXNativeTarget "BrelloTests" */ = {
			isa = XCConfigurationList;
			buildConfigurations = (
				CBA2C68D1F19A2EE002C2345 /* Debug */,
				CBA2C68E1F19A2EE002C2345 /* Release */,
			);
			defaultConfigurationIsVisible = 0;
			defaultConfigurationName = Release;
		};
		CBA2C68F1F19A2EE002C2345 /* Build configuration list for PBXNativeTarget "BrelloUITests" */ = {
			isa = XCConfigurationList;
			buildConfigurations = (
				CBA2C6901F19A2EE002C2345 /* Debug */,
				CBA2C6911F19A2EE002C2345 /* Release */,
			);
			defaultConfigurationIsVisible = 0;
			defaultConfigurationName = Release;
		};
/* End XCConfigurationList section */

/* Begin XCVersionGroup section */
		CBA2C6681F19A2EE002C2345 /* Brello.xcdatamodeld */ = {
			isa = XCVersionGroup;
			children = (
				CBA2C6691F19A2EE002C2345 /* Brello.xcdatamodel */,
			);
			currentVersion = CBA2C6691F19A2EE002C2345 /* Brello.xcdatamodel */;
			path = Brello.xcdatamodeld;
			sourceTree = "<group>";
			versionGroupType = wrapper.xcdatamodel;
		};
/* End XCVersionGroup section */
	};
	rootObject = CBA2C6561F19A2EE002C2345 /* Project object */;
}
